
Microsoft Visual Studio Solution File, Format Version 12.00
# Visual Studio Version 17
VisualStudioVersion = 17.0.31903.59
MinimumVisualStudioVersion = 10.0.40219.1
Project("{2150E333-8FDC-42A3-9474-1A3956D46DE8}") = "src", "src", "{827E0CD3-B72D-47B6-A68D-7590B98EB39B}"
EndProject
Project("{FAE04EC0-301F-11D3-BF4B-00C04F79EFBC}") = "Adsefid.Sdk", "src\Adsefid.Sdk\Adsefid.Sdk.csproj", "{41907EA8-FDCC-433C-A916-6ACB2F3C3D5A}"
EndProject
Project("{2150E333-8FDC-42A3-9474-1A3956D46DE8}") = "examples", "examples", "{1B2C3D4E-5F60-4718-9A2B-3C4D5E6F7081}"
EndProject
Project("{FAE04EC0-301F-11D3-BF4B-00C04F79EFBC}") = "Quickstart", "examples\Quickstart\Quickstart.csproj", "{FFE13B45-B3A7-4A7E-9061-1759423FB72B}"
EndProject
Project("{FAE04EC0-301F-11D3-BF4B-00C04F79EFBC}") = "WebhookReceiver", "examples\WebhookReceiver\WebhookReceiver.csproj", "{0BBFA901-173F-45A2-B24E-99B8DECA3708}"
EndProject
Global
	GlobalSection(SolutionConfigurationPlatforms) = preSolution
		Debug|Any CPU = Debug|Any CPU
		Debug|x64 = Debug|x64
		Debug|x86 = Debug|x86
		Release|Any CPU = Release|Any CPU
		Release|x64 = Release|x64
		Release|x86 = Release|x86
	EndGlobalSection
	GlobalSection(ProjectConfigurationPlatforms) = postSolution
		{41907EA8-FDCC-433C-A916-6ACB2F3C3D5A}.Debug|Any CPU.ActiveCfg = Debug|Any CPU
		{41907EA8-FDCC-433C-A916-6ACB2F3C3D5A}.Debug|Any CPU.Build.0 = Debug|Any CPU
		{41907EA8-FDCC-433C-A916-6ACB2F3C3D5A}.Debug|x64.ActiveCfg = Debug|Any CPU
		{41907EA8-FDCC-433C-A916-6ACB2F3C3D5A}.Debug|x64.Build.0 = Debug|Any CPU
		{41907EA8-FDCC-433C-A916-6ACB2F3C3D5A}.Debug|x86.ActiveCfg = Debug|Any CPU
		{41907EA8-FDCC-433C-A916-6ACB2F3C3D5A}.Debug|x86.Build.0 = Debug|Any CPU
		{41907EA8-FDCC-433C-A916-6ACB2F3C3D5A}.Release|Any CPU.ActiveCfg = Release|Any CPU
		{41907EA8-FDCC-433C-A916-6ACB2F3C3D5A}.Release|Any CPU.Build.0 = Release|Any CPU
		{41907EA8-FDCC-433C-A916-6ACB2F3C3D5A}.Release|x64.ActiveCfg = Release|Any CPU
		{41907EA8-FDCC-433C-A916-6ACB2F3C3D5A}.Release|x64.Build.0 = Release|Any CPU
		{41907EA8-FDCC-433C-A916-6ACB2F3C3D5A}.Release|x86.ActiveCfg = Release|Any CPU
		{41907EA8-FDCC-433C-A916-6ACB2F3C3D5A}.Release|x86.Build.0 = Release|Any CPU
		{FFE13B45-B3A7-4A7E-9061-1759423FB72B}.Debug|Any CPU.ActiveCfg = Debug|Any CPU
		{FFE13B45-B3A7-4A7E-9061-1759423FB72B}.Debug|Any CPU.Build.0 = Debug|Any CPU
		{FFE13B45-B3A7-4A7E-9061-1759423FB72B}.Debug|x64.ActiveCfg = Debug|Any CPU
		{FFE13B45-B3A7-4A7E-9061-1759423FB72B}.Debug|x64.Build.0 = Debug|Any CPU
		{FFE13B45-B3A7-4A7E-9061-1759423FB72B}.Debug|x86.ActiveCfg = Debug|Any CPU
		{FFE13B45-B3A7-4A7E-9061-1759423FB72B}.Debug|x86.Build.0 = Debug|Any CPU
		{FFE13B45-B3A7-4A7E-9061-1759423FB72B}.Release|Any CPU.ActiveCfg = Release|Any CPU
		{FFE13B45-B3A7-4A7E-9061-1759423FB72B}.Release|Any CPU.Build.0 = Release|Any CPU
		{FFE13B45-B3A7-4A7E-9061-1759423FB72B}.Release|x64.ActiveCfg = Release|Any CPU
		{FFE13B45-B3A7-4A7E-9061-1759423FB72B}.Release|x64.Build.0 = Release|Any CPU
		{FFE13B45-B3A7-4A7E-9061-1759423FB72B}.Release|x86.ActiveCfg = Release|Any CPU
		{FFE13B45-B3A7-4A7E-9061-1759423FB72B}.Release|x86.Build.0 = Release|Any CPU
		{0BBFA901-173F-45A2-B24E-99B8DECA3708}.Debug|Any CPU.ActiveCfg = Debug|Any CPU
		{0BBFA901-173F-45A2-B24E-99B8DECA3708}.Debug|Any CPU.Build.0 = Debug|Any CPU
		{0BBFA901-173F-45A2-B24E-99B8DECA3708}.Debug|x64.ActiveCfg = Debug|Any CPU
		{0BBFA901-173F-45A2-B24E-99B8DECA3708}.Debug|x64.Build.0 = Debug|Any CPU
		{0BBFA901-173F-45A2-B24E-99B8DECA3708}.Debug|x86.ActiveCfg = Debug|Any CPU
		{0BBFA901-173F-45A2-B24E-99B8DECA3708}.Debug|x86.Build.0 = Debug|Any CPU
		{0BBFA901-173F-45A2-B24E-99B8DECA3708}.Release|Any CPU.ActiveCfg = Release|Any CPU
		{0BBFA901-173F-45A2-B24E-99B8DECA3708}.Release|Any CPU.Build.0 = Release|Any CPU
		{0BBFA901-173F-45A2-B24E-99B8DECA3708}.Release|x64.ActiveCfg = Release|Any CPU
		{0BBFA901-173F-45A2-B24E-99B8DECA3708}.Release|x64.Build.0 = Release|Any CPU
		{0BBFA901-173F-45A2-B24E-99B8DECA3708}.Release|x86.ActiveCfg = Release|Any CPU
		{0BBFA901-173F-45A2-B24E-99B8DECA3708}.Release|x86.Build.0 = Release|Any CPU
	EndGlobalSection
	GlobalSection(SolutionProperties) = preSolution
		HideSolutionNode = FALSE
	EndGlobalSection
	GlobalSection(NestedProjects) = preSolution
		{41907EA8-FDCC-433C-A916-6ACB2F3C3D5A} = {827E0CD3-B72D-47B6-A68D-7590B98EB39B}
		{FFE13B45-B3A7-4A7E-9061-1759423FB72B} = {1B2C3D4E-5F60-4718-9A2B-3C4D5E6F7081}
		{0BBFA901-173F-45A2-B24E-99B8DECA3708} = {1B2C3D4E-5F60-4718-9A2B-3C4D5E6F7081}
	EndGlobalSection
EndGlobal
