
Microsoft Visual Studio Solution File, Format Version 12.00
# Visual Studio Version 17
VisualStudioVersion = 17.0.31903.59
MinimumVisualStudioVersion = 10.0.40219.1
Project("{2150E333-8FDC-42A3-9474-1A3956D46DE8}") = "src", "src", "{827E0CD3-B72D-47B6-A68D-7590B98EB39B}"
EndProject
Project("{FAE04EC0-301F-11D3-BF4B-00C04F79EFBC}") = "Adsefid.Sdk", "src\Adsefid.Sdk\Adsefid.Sdk.csproj", "{41907EA8-FDCC-433C-A916-6ACB2F3C3D5A}"
EndProject
Project("{FAE04EC0-301F-11D3-BF4B-00C04F79EFBC}") = "Adsefid.Sdk.DependencyInjection", "src\Adsefid.Sdk.DependencyInjection\Adsefid.Sdk.DependencyInjection.csproj", "{B8E3CF5A-E873-4C86-A12F-1FAF74A66DB0}"
EndProject
Project("{2150E333-8FDC-42A3-9474-1A3956D46DE8}") = "examples", "examples", "{1B2C3D4E-5F60-4718-9A2B-3C4D5E6F7081}"
EndProject
Project("{FAE04EC0-301F-11D3-BF4B-00C04F79EFBC}") = "Quickstart", "examples\Quickstart\Quickstart.csproj", "{FFE13B45-B3A7-4A7E-9061-1759423FB72B}"
EndProject
Project("{FAE04EC0-301F-11D3-BF4B-00C04F79EFBC}") = "WebhookReceiver", "examples\WebhookReceiver\WebhookReceiver.csproj", "{0BBFA901-173F-45A2-B24E-99B8DECA3708}"
EndProject
Project("{2150E333-8FDC-42A3-9474-1A3956D46DE8}") = "tests", "tests", "{2B7A1C9E-4D3F-4E8A-9C1B-6F2E5D8A0B34}"
EndProject
Project("{FAE04EC0-301F-11D3-BF4B-00C04F79EFBC}") = "Adsefid.Sdk.Tests", "tests\Adsefid.Sdk.Tests\Adsefid.Sdk.Tests.csproj", "{9C4E7D21-8B6A-4F3E-A5D7-1E2C3B4A5F60}"
EndProject
Project("{FAE04EC0-301F-11D3-BF4B-00C04F79EFBC}") = "BulkAndP2P", "examples\BulkAndP2P\BulkAndP2P.csproj", "{DAFA6E64-1B7C-4029-81F7-0ADFDBBCCD07}"
EndProject
Project("{FAE04EC0-301F-11D3-BF4B-00C04F79EFBC}") = "Templates", "examples\Templates\Templates.csproj", "{212489F2-00C2-4632-82FB-49A7BF5A281A}"
EndProject
Project("{FAE04EC0-301F-11D3-BF4B-00C04F79EFBC}") = "StatusAndCancel", "examples\StatusAndCancel\StatusAndCancel.csproj", "{1B49075A-B3D3-4FB0-AB57-FDA303B24EC7}"
EndProject
Project("{FAE04EC0-301F-11D3-BF4B-00C04F79EFBC}") = "Messenger", "examples\Messenger\Messenger.csproj", "{773FCD81-EAE3-4CDA-B309-E5F1BD9A555D}"
EndProject
Project("{FAE04EC0-301F-11D3-BF4B-00C04F79EFBC}") = "Account", "examples\Account\Account.csproj", "{FF1F07BD-6AF9-467F-8C03-8787DE44FA3E}"
EndProject
Global
	GlobalSection(SolutionConfigurationPlatforms) = preSolution
		Debug|Any CPU = Debug|Any CPU
		Debug|x64 = Debug|x64
		Debug|x86 = Debug|x86
		Release|Any CPU = Release|Any CPU
		Release|x64 = Release|x64
		Release|x86 = Release|x86
	EndGlobalSection
	GlobalSection(ProjectConfigurationPlatforms) = postSolution
		{41907EA8-FDCC-433C-A916-6ACB2F3C3D5A}.Debug|Any CPU.ActiveCfg = Debug|Any CPU
		{41907EA8-FDCC-433C-A916-6ACB2F3C3D5A}.Debug|Any CPU.Build.0 = Debug|Any CPU
		{41907EA8-FDCC-433C-A916-6ACB2F3C3D5A}.Debug|x64.ActiveCfg = Debug|Any CPU
		{41907EA8-FDCC-433C-A916-6ACB2F3C3D5A}.Debug|x64.Build.0 = Debug|Any CPU
		{41907EA8-FDCC-433C-A916-6ACB2F3C3D5A}.Debug|x86.ActiveCfg = Debug|Any CPU
		{41907EA8-FDCC-433C-A916-6ACB2F3C3D5A}.Debug|x86.Build.0 = Debug|Any CPU
		{41907EA8-FDCC-433C-A916-6ACB2F3C3D5A}.Release|Any CPU.ActiveCfg = Release|Any CPU
		{41907EA8-FDCC-433C-A916-6ACB2F3C3D5A}.Release|Any CPU.Build.0 = Release|Any CPU
		{41907EA8-FDCC-433C-A916-6ACB2F3C3D5A}.Release|x64.ActiveCfg = Release|Any CPU
		{41907EA8-FDCC-433C-A916-6ACB2F3C3D5A}.Release|x64.Build.0 = Release|Any CPU
		{41907EA8-FDCC-433C-A916-6ACB2F3C3D5A}.Release|x86.ActiveCfg = Release|Any CPU
		{41907EA8-FDCC-433C-A916-6ACB2F3C3D5A}.Release|x86.Build.0 = Release|Any CPU
		{B8E3CF5A-E873-4C86-A12F-1FAF74A66DB0}.Debug|Any CPU.ActiveCfg = Debug|Any CPU
		{B8E3CF5A-E873-4C86-A12F-1FAF74A66DB0}.Debug|Any CPU.Build.0 = Debug|Any CPU
		{B8E3CF5A-E873-4C86-A12F-1FAF74A66DB0}.Debug|x64.ActiveCfg = Debug|Any CPU
		{B8E3CF5A-E873-4C86-A12F-1FAF74A66DB0}.Debug|x64.Build.0 = Debug|Any CPU
		{B8E3CF5A-E873-4C86-A12F-1FAF74A66DB0}.Debug|x86.ActiveCfg = Debug|Any CPU
		{B8E3CF5A-E873-4C86-A12F-1FAF74A66DB0}.Debug|x86.Build.0 = Debug|Any CPU
		{B8E3CF5A-E873-4C86-A12F-1FAF74A66DB0}.Release|Any CPU.ActiveCfg = Release|Any CPU
		{B8E3CF5A-E873-4C86-A12F-1FAF74A66DB0}.Release|Any CPU.Build.0 = Release|Any CPU
		{B8E3CF5A-E873-4C86-A12F-1FAF74A66DB0}.Release|x64.ActiveCfg = Release|Any CPU
		{B8E3CF5A-E873-4C86-A12F-1FAF74A66DB0}.Release|x64.Build.0 = Release|Any CPU
		{B8E3CF5A-E873-4C86-A12F-1FAF74A66DB0}.Release|x86.ActiveCfg = Release|Any CPU
		{B8E3CF5A-E873-4C86-A12F-1FAF74A66DB0}.Release|x86.Build.0 = Release|Any CPU
		{FFE13B45-B3A7-4A7E-9061-1759423FB72B}.Debug|Any CPU.ActiveCfg = Debug|Any CPU
		{FFE13B45-B3A7-4A7E-9061-1759423FB72B}.Debug|Any CPU.Build.0 = Debug|Any CPU
		{FFE13B45-B3A7-4A7E-9061-1759423FB72B}.Debug|x64.ActiveCfg = Debug|Any CPU
		{FFE13B45-B3A7-4A7E-9061-1759423FB72B}.Debug|x64.Build.0 = Debug|Any CPU
		{FFE13B45-B3A7-4A7E-9061-1759423FB72B}.Debug|x86.ActiveCfg = Debug|Any CPU
		{FFE13B45-B3A7-4A7E-9061-1759423FB72B}.Debug|x86.Build.0 = Debug|Any CPU
		{FFE13B45-B3A7-4A7E-9061-1759423FB72B}.Release|Any CPU.ActiveCfg = Release|Any CPU
		{FFE13B45-B3A7-4A7E-9061-1759423FB72B}.Release|Any CPU.Build.0 = Release|Any CPU
		{FFE13B45-B3A7-4A7E-9061-1759423FB72B}.Release|x64.ActiveCfg = Release|Any CPU
		{FFE13B45-B3A7-4A7E-9061-1759423FB72B}.Release|x64.Build.0 = Release|Any CPU
		{FFE13B45-B3A7-4A7E-9061-1759423FB72B}.Release|x86.ActiveCfg = Release|Any CPU
		{FFE13B45-B3A7-4A7E-9061-1759423FB72B}.Release|x86.Build.0 = Release|Any CPU
		{0BBFA901-173F-45A2-B24E-99B8DECA3708}.Debug|Any CPU.ActiveCfg = Debug|Any CPU
		{0BBFA901-173F-45A2-B24E-99B8DECA3708}.Debug|Any CPU.Build.0 = Debug|Any CPU
		{0BBFA901-173F-45A2-B24E-99B8DECA3708}.Debug|x64.ActiveCfg = Debug|Any CPU
		{0BBFA901-173F-45A2-B24E-99B8DECA3708}.Debug|x64.Build.0 = Debug|Any CPU
		{0BBFA901-173F-45A2-B24E-99B8DECA3708}.Debug|x86.ActiveCfg = Debug|Any CPU
		{0BBFA901-173F-45A2-B24E-99B8DECA3708}.Debug|x86.Build.0 = Debug|Any CPU
		{0BBFA901-173F-45A2-B24E-99B8DECA3708}.Release|Any CPU.ActiveCfg = Release|Any CPU
		{0BBFA901-173F-45A2-B24E-99B8DECA3708}.Release|Any CPU.Build.0 = Release|Any CPU
		{0BBFA901-173F-45A2-B24E-99B8DECA3708}.Release|x64.ActiveCfg = Release|Any CPU
		{0BBFA901-173F-45A2-B24E-99B8DECA3708}.Release|x64.Build.0 = Release|Any CPU
		{0BBFA901-173F-45A2-B24E-99B8DECA3708}.Release|x86.ActiveCfg = Release|Any CPU
		{0BBFA901-173F-45A2-B24E-99B8DECA3708}.Release|x86.Build.0 = Release|Any CPU
		{9C4E7D21-8B6A-4F3E-A5D7-1E2C3B4A5F60}.Debug|Any CPU.ActiveCfg = Debug|Any CPU
		{9C4E7D21-8B6A-4F3E-A5D7-1E2C3B4A5F60}.Debug|Any CPU.Build.0 = Debug|Any CPU
		{9C4E7D21-8B6A-4F3E-A5D7-1E2C3B4A5F60}.Debug|x64.ActiveCfg = Debug|Any CPU
		{9C4E7D21-8B6A-4F3E-A5D7-1E2C3B4A5F60}.Debug|x64.Build.0 = Debug|Any CPU
		{9C4E7D21-8B6A-4F3E-A5D7-1E2C3B4A5F60}.Debug|x86.ActiveCfg = Debug|Any CPU
		{9C4E7D21-8B6A-4F3E-A5D7-1E2C3B4A5F60}.Debug|x86.Build.0 = Debug|Any CPU
		{9C4E7D21-8B6A-4F3E-A5D7-1E2C3B4A5F60}.Release|Any CPU.ActiveCfg = Release|Any CPU
		{9C4E7D21-8B6A-4F3E-A5D7-1E2C3B4A5F60}.Release|Any CPU.Build.0 = Release|Any CPU
		{9C4E7D21-8B6A-4F3E-A5D7-1E2C3B4A5F60}.Release|x64.ActiveCfg = Release|Any CPU
		{9C4E7D21-8B6A-4F3E-A5D7-1E2C3B4A5F60}.Release|x64.Build.0 = Release|Any CPU
		{9C4E7D21-8B6A-4F3E-A5D7-1E2C3B4A5F60}.Release|x86.ActiveCfg = Release|Any CPU
		{9C4E7D21-8B6A-4F3E-A5D7-1E2C3B4A5F60}.Release|x86.Build.0 = Release|Any CPU
		{DAFA6E64-1B7C-4029-81F7-0ADFDBBCCD07}.Debug|Any CPU.ActiveCfg = Debug|Any CPU
		{DAFA6E64-1B7C-4029-81F7-0ADFDBBCCD07}.Debug|Any CPU.Build.0 = Debug|Any CPU
		{DAFA6E64-1B7C-4029-81F7-0ADFDBBCCD07}.Debug|x64.ActiveCfg = Debug|Any CPU
		{DAFA6E64-1B7C-4029-81F7-0ADFDBBCCD07}.Debug|x64.Build.0 = Debug|Any CPU
		{DAFA6E64-1B7C-4029-81F7-0ADFDBBCCD07}.Debug|x86.ActiveCfg = Debug|Any CPU
		{DAFA6E64-1B7C-4029-81F7-0ADFDBBCCD07}.Debug|x86.Build.0 = Debug|Any CPU
		{DAFA6E64-1B7C-4029-81F7-0ADFDBBCCD07}.Release|Any CPU.ActiveCfg = Release|Any CPU
		{DAFA6E64-1B7C-4029-81F7-0ADFDBBCCD07}.Release|Any CPU.Build.0 = Release|Any CPU
		{DAFA6E64-1B7C-4029-81F7-0ADFDBBCCD07}.Release|x64.ActiveCfg = Release|Any CPU
		{DAFA6E64-1B7C-4029-81F7-0ADFDBBCCD07}.Release|x64.Build.0 = Release|Any CPU
		{DAFA6E64-1B7C-4029-81F7-0ADFDBBCCD07}.Release|x86.ActiveCfg = Release|Any CPU
		{DAFA6E64-1B7C-4029-81F7-0ADFDBBCCD07}.Release|x86.Build.0 = Release|Any CPU
		{212489F2-00C2-4632-82FB-49A7BF5A281A}.Debug|Any CPU.ActiveCfg = Debug|Any CPU
		{212489F2-00C2-4632-82FB-49A7BF5A281A}.Debug|Any CPU.Build.0 = Debug|Any CPU
		{212489F2-00C2-4632-82FB-49A7BF5A281A}.Debug|x64.ActiveCfg = Debug|Any CPU
		{212489F2-00C2-4632-82FB-49A7BF5A281A}.Debug|x64.Build.0 = Debug|Any CPU
		{212489F2-00C2-4632-82FB-49A7BF5A281A}.Debug|x86.ActiveCfg = Debug|Any CPU
		{212489F2-00C2-4632-82FB-49A7BF5A281A}.Debug|x86.Build.0 = Debug|Any CPU
		{212489F2-00C2-4632-82FB-49A7BF5A281A}.Release|Any CPU.ActiveCfg = Release|Any CPU
		{212489F2-00C2-4632-82FB-49A7BF5A281A}.Release|Any CPU.Build.0 = Release|Any CPU
		{212489F2-00C2-4632-82FB-49A7BF5A281A}.Release|x64.ActiveCfg = Release|Any CPU
		{212489F2-00C2-4632-82FB-49A7BF5A281A}.Release|x64.Build.0 = Release|Any CPU
		{212489F2-00C2-4632-82FB-49A7BF5A281A}.Release|x86.ActiveCfg = Release|Any CPU
		{212489F2-00C2-4632-82FB-49A7BF5A281A}.Release|x86.Build.0 = Release|Any CPU
		{1B49075A-B3D3-4FB0-AB57-FDA303B24EC7}.Debug|Any CPU.ActiveCfg = Debug|Any CPU
		{1B49075A-B3D3-4FB0-AB57-FDA303B24EC7}.Debug|Any CPU.Build.0 = Debug|Any CPU
		{1B49075A-B3D3-4FB0-AB57-FDA303B24EC7}.Debug|x64.ActiveCfg = Debug|Any CPU
		{1B49075A-B3D3-4FB0-AB57-FDA303B24EC7}.Debug|x64.Build.0 = Debug|Any CPU
		{1B49075A-B3D3-4FB0-AB57-FDA303B24EC7}.Debug|x86.ActiveCfg = Debug|Any CPU
		{1B49075A-B3D3-4FB0-AB57-FDA303B24EC7}.Debug|x86.Build.0 = Debug|Any CPU
		{1B49075A-B3D3-4FB0-AB57-FDA303B24EC7}.Release|Any CPU.ActiveCfg = Release|Any CPU
		{1B49075A-B3D3-4FB0-AB57-FDA303B24EC7}.Release|Any CPU.Build.0 = Release|Any CPU
		{1B49075A-B3D3-4FB0-AB57-FDA303B24EC7}.Release|x64.ActiveCfg = Release|Any CPU
		{1B49075A-B3D3-4FB0-AB57-FDA303B24EC7}.Release|x64.Build.0 = Release|Any CPU
		{1B49075A-B3D3-4FB0-AB57-FDA303B24EC7}.Release|x86.ActiveCfg = Release|Any CPU
		{1B49075A-B3D3-4FB0-AB57-FDA303B24EC7}.Release|x86.Build.0 = Release|Any CPU
		{773FCD81-EAE3-4CDA-B309-E5F1BD9A555D}.Debug|Any CPU.ActiveCfg = Debug|Any CPU
		{773FCD81-EAE3-4CDA-B309-E5F1BD9A555D}.Debug|Any CPU.Build.0 = Debug|Any CPU
		{773FCD81-EAE3-4CDA-B309-E5F1BD9A555D}.Debug|x64.ActiveCfg = Debug|Any CPU
		{773FCD81-EAE3-4CDA-B309-E5F1BD9A555D}.Debug|x64.Build.0 = Debug|Any CPU
		{773FCD81-EAE3-4CDA-B309-E5F1BD9A555D}.Debug|x86.ActiveCfg = Debug|Any CPU
		{773FCD81-EAE3-4CDA-B309-E5F1BD9A555D}.Debug|x86.Build.0 = Debug|Any CPU
		{773FCD81-EAE3-4CDA-B309-E5F1BD9A555D}.Release|Any CPU.ActiveCfg = Release|Any CPU
		{773FCD81-EAE3-4CDA-B309-E5F1BD9A555D}.Release|Any CPU.Build.0 = Release|Any CPU
		{773FCD81-EAE3-4CDA-B309-E5F1BD9A555D}.Release|x64.ActiveCfg = Release|Any CPU
		{773FCD81-EAE3-4CDA-B309-E5F1BD9A555D}.Release|x64.Build.0 = Release|Any CPU
		{773FCD81-EAE3-4CDA-B309-E5F1BD9A555D}.Release|x86.ActiveCfg = Release|Any CPU
		{773FCD81-EAE3-4CDA-B309-E5F1BD9A555D}.Release|x86.Build.0 = Release|Any CPU
		{FF1F07BD-6AF9-467F-8C03-8787DE44FA3E}.Debug|Any CPU.ActiveCfg = Debug|Any CPU
		{FF1F07BD-6AF9-467F-8C03-8787DE44FA3E}.Debug|Any CPU.Build.0 = Debug|Any CPU
		{FF1F07BD-6AF9-467F-8C03-8787DE44FA3E}.Debug|x64.ActiveCfg = Debug|Any CPU
		{FF1F07BD-6AF9-467F-8C03-8787DE44FA3E}.Debug|x64.Build.0 = Debug|Any CPU
		{FF1F07BD-6AF9-467F-8C03-8787DE44FA3E}.Debug|x86.ActiveCfg = Debug|Any CPU
		{FF1F07BD-6AF9-467F-8C03-8787DE44FA3E}.Debug|x86.Build.0 = Debug|Any CPU
		{FF1F07BD-6AF9-467F-8C03-8787DE44FA3E}.Release|Any CPU.ActiveCfg = Release|Any CPU
		{FF1F07BD-6AF9-467F-8C03-8787DE44FA3E}.Release|Any CPU.Build.0 = Release|Any CPU
		{FF1F07BD-6AF9-467F-8C03-8787DE44FA3E}.Release|x64.ActiveCfg = Release|Any CPU
		{FF1F07BD-6AF9-467F-8C03-8787DE44FA3E}.Release|x64.Build.0 = Release|Any CPU
		{FF1F07BD-6AF9-467F-8C03-8787DE44FA3E}.Release|x86.ActiveCfg = Release|Any CPU
		{FF1F07BD-6AF9-467F-8C03-8787DE44FA3E}.Release|x86.Build.0 = Release|Any CPU
	EndGlobalSection
	GlobalSection(SolutionProperties) = preSolution
		HideSolutionNode = FALSE
	EndGlobalSection
	GlobalSection(NestedProjects) = preSolution
		{41907EA8-FDCC-433C-A916-6ACB2F3C3D5A} = {827E0CD3-B72D-47B6-A68D-7590B98EB39B}
		{B8E3CF5A-E873-4C86-A12F-1FAF74A66DB0} = {827E0CD3-B72D-47B6-A68D-7590B98EB39B}
		{FFE13B45-B3A7-4A7E-9061-1759423FB72B} = {1B2C3D4E-5F60-4718-9A2B-3C4D5E6F7081}
		{0BBFA901-173F-45A2-B24E-99B8DECA3708} = {1B2C3D4E-5F60-4718-9A2B-3C4D5E6F7081}
		{9C4E7D21-8B6A-4F3E-A5D7-1E2C3B4A5F60} = {2B7A1C9E-4D3F-4E8A-9C1B-6F2E5D8A0B34}
		{DAFA6E64-1B7C-4029-81F7-0ADFDBBCCD07} = {1B2C3D4E-5F60-4718-9A2B-3C4D5E6F7081}
		{212489F2-00C2-4632-82FB-49A7BF5A281A} = {1B2C3D4E-5F60-4718-9A2B-3C4D5E6F7081}
		{1B49075A-B3D3-4FB0-AB57-FDA303B24EC7} = {1B2C3D4E-5F60-4718-9A2B-3C4D5E6F7081}
		{773FCD81-EAE3-4CDA-B309-E5F1BD9A555D} = {1B2C3D4E-5F60-4718-9A2B-3C4D5E6F7081}
		{FF1F07BD-6AF9-467F-8C03-8787DE44FA3E} = {1B2C3D4E-5F60-4718-9A2B-3C4D5E6F7081}
	EndGlobalSection
EndGlobal
